
Microsoft Visual Studio Solution File, Format Version 12.00
# Visual Studio 15
VisualStudioVersion = 15.0.26730.8
MinimumVisualStudioVersion = 10.0.40219.1
Project("{9A19103F-16F7-4668-BE54-9A1E7A4F7556}") = "SlackLogger", "SlackLogger\SlackLogger.csproj", "{02028BCB-5374-4A6C-A749-24887D9F5752}"
EndProject
Project("{9A19103F-16F7-4668-BE54-9A1E7A4F7556}") = "SlackLogger.Web", "SlackLogger.Web\SlackLogger.Web.csproj", "{2C9570B4-D498-4108-B370-E253D089164B}"
EndProject
Project("{2150E333-8FDC-42A3-9474-1A3956D46DE8}") = "Solution Items", "Solution Items", "{26B0BE95-0937-440A-95C4-AA42E4FA97AC}"
	ProjectSection(SolutionItems) = preProject
		README.md = README.md
	EndProjectSection
EndProject
Project("{FAE04EC0-301F-11D3-BF4B-00C04F79EFBC}") = "SlackLogger.Console", "SlackLogger.Console\SlackLogger.Console.csproj", "{1FF7EC62-D3AA-4134-9DEA-FB8F88D5A5E0}"
EndProject
Global
	GlobalSection(SolutionConfigurationPlatforms) = preSolution
		Debug|Any CPU = Debug|Any CPU
		Release|Any CPU = Release|Any CPU
	EndGlobalSection
	GlobalSection(ProjectConfigurationPlatforms) = postSolution
		{02028BCB-5374-4A6C-A749-24887D9F5752}.Debug|Any CPU.ActiveCfg = Debug|Any CPU
		{02028BCB-5374-4A6C-A749-24887D9F5752}.Debug|Any CPU.Build.0 = Debug|Any CPU
		{02028BCB-5374-4A6C-A749-24887D9F5752}.Release|Any CPU.ActiveCfg = Release|Any CPU
		{02028BCB-5374-4A6C-A749-24887D9F5752}.Release|Any CPU.Build.0 = Release|Any CPU
		{2C9570B4-D498-4108-B370-E253D089164B}.Debug|Any CPU.ActiveCfg = Debug|Any CPU
		{2C9570B4-D498-4108-B370-E253D089164B}.Debug|Any CPU.Build.0 = Debug|Any CPU
		{2C9570B4-D498-4108-B370-E253D089164B}.Release|Any CPU.ActiveCfg = Release|Any CPU
		{2C9570B4-D498-4108-B370-E253D089164B}.Release|Any CPU.Build.0 = Release|Any CPU
		{1FF7EC62-D3AA-4134-9DEA-FB8F88D5A5E0}.Debug|Any CPU.ActiveCfg = Debug|Any CPU
		{1FF7EC62-D3AA-4134-9DEA-FB8F88D5A5E0}.Debug|Any CPU.Build.0 = Debug|Any CPU
		{1FF7EC62-D3AA-4134-9DEA-FB8F88D5A5E0}.Release|Any CPU.ActiveCfg = Release|Any CPU
		{1FF7EC62-D3AA-4134-9DEA-FB8F88D5A5E0}.Release|Any CPU.Build.0 = Release|Any CPU
	EndGlobalSection
	GlobalSection(SolutionProperties) = preSolution
		HideSolutionNode = FALSE
	EndGlobalSection
	GlobalSection(ExtensibilityGlobals) = postSolution
		SolutionGuid = {48A0D25F-183D-4872-8830-4A26D74F79AF}
	EndGlobalSection
EndGlobal
